
Microsoft Visual Studio Solution File, Format Version 12.00
# Visual Studio Version 17
VisualStudioVersion = 17.1.32414.318
MinimumVisualStudioVersion = 10.0.40219.1
Project("{FAE04EC0-301F-11D3-BF4B-00C04F79EFBC}") = "SmartMedCodeChallenge1", "SmartMedCodeChallenge1.csproj", "{BB423C54-E7B6-419B-9FEB-0AB29346261F}"
EndProject
Global
	GlobalSection(SolutionConfigurationPlatforms) = preSolution
		Debug|Any CPU = Debug|Any CPU
		Release|Any CPU = Release|Any CPU
	EndGlobalSection
	GlobalSection(ProjectConfigurationPlatforms) = postSolution
		{BB423C54-E7B6-419B-9FEB-0AB29346261F}.Debug|Any CPU.ActiveCfg = Debug|Any CPU
		{BB423C54-E7B6-419B-9FEB-0AB29346261F}.Debug|Any CPU.Build.0 = Debug|Any CPU
		{BB423C54-E7B6-419B-9FEB-0AB29346261F}.Release|Any CPU.ActiveCfg = Release|Any CPU
		{BB423C54-E7B6-419B-9FEB-0AB29346261F}.Release|Any CPU.Build.0 = Release|Any CPU
	EndGlobalSection
	GlobalSection(SolutionProperties) = preSolution
		HideSolutionNode = FALSE
	EndGlobalSection
	GlobalSection(ExtensibilityGlobals) = postSolution
		SolutionGuid = {5D8CB4C7-7BAD-4AC5-9F1E-9762D64D5A8E}
	EndGlobalSection
EndGlobal
